%{
  "earmark": {:hex, :earmark, "1.0.2", "a0b0904d74ecc14da8bd2e6e0248e1a409a2bc91aade75fcf428125603de3853", [:mix], [], "hexpm"},
  "ex_doc": {:hex, :ex_doc, "0.13.2", "1059a588d2ad3ffab25a0b85c58abf08e437d3e7a9124ac255e1d15cec68ab79", [:mix], [{:earmark, "~> 1.0", [hex: :earmark, repo: "hexpm", optional: false]}], "hexpm"},
  "gen_smtp": {:hex, :gen_smtp, "0.11.0", "d90ff2f021fc86cb2a4259b1f2b177ab6e506676265e26454bf5755855adc956", [:rebar3], [], "hexpm"},
  "mail": {:hex, :mail, "0.2.0", "4458b46fd097e4dd1b72f7ec578d35643d32c866ac5e0f154a068b377e5b3111", [:mix], [], "hexpm"},
  "mime": {:hex, :mime, "1.0.1", "05c393850524767d13a53627df71beeebb016205eb43bfbd92d14d24ec7a1b51", [:mix], [], "hexpm"},
  "phoenix": {:hex, :phoenix, "1.2.1", "6dc592249ab73c67575769765b66ad164ad25d83defa3492dc6ae269bd2a68ab", [:mix], [{:cowboy, "~> 1.0", [hex: :cowboy, repo: "hexpm", optional: true]}, {:phoenix_pubsub, "~> 1.0", [hex: :phoenix_pubsub, repo: "hexpm", optional: false]}, {:plug, "~> 1.1", [hex: :plug, repo: "hexpm", optional: false]}, {:poison, "~> 1.5 or ~> 2.0", [hex: :poison, repo: "hexpm", optional: false]}], "hexpm"},
  "phoenix_html": {:hex, :phoenix_html, "2.7.0", "19e12e2044340c2e43df206a06d059677c59ea1868bd1c35165438d592cd420b", [:mix], [{:plug, "~> 1.0", [hex: :plug, repo: "hexpm", optional: false]}], "hexpm"},
  "phoenix_pubsub": {:hex, :phoenix_pubsub, "1.0.1", "c10ddf6237007c804bf2b8f3c4d5b99009b42eca3a0dfac04ea2d8001186056a", [:mix], [], "hexpm"},
  "plug": {:hex, :plug, "1.2.2", "cfbda521b54c92ab8ddffb173fbaabed8d8fc94bec07cd9bb58a84c1c501b0bd", [:mix], [{:cowboy, "~> 1.0", [hex: :cowboy, repo: "hexpm", optional: true]}, {:mime, "~> 1.0", [hex: :mime, repo: "hexpm", optional: false]}], "hexpm"},
  "poison": {:hex, :poison, "2.2.0", "4763b69a8a77bd77d26f477d196428b741261a761257ff1cf92753a0d4d24a63", [:mix], [], "hexpm"},
  "poolboy": {:hex, :poolboy, "1.5.1", "6b46163901cfd0a1b43d692657ed9d7e599853b3b21b95ae5ae0a777cf9b6ca8", [:rebar], [], "hexpm"},
}
