%{"gen_smtp": {:hex, :gen_smtp, "0.9.0"},
  "mail": {:git, "https://github.com/dockyard/elixir-mail", "ae11204d34ce7eb4f8103c952c9af14002705f2b", []},
  "meck": {:hex, :meck, "0.8.3"},
  "mock": {:hex, :mock, "0.1.1"},
  "phoenix": {:hex, :phoenix, "1.1.4"},
  "phoenix_html": {:hex, :phoenix_html, "2.2.0"},
  "plug": {:hex, :plug, "1.1.0"},
  "poison": {:hex, :poison, "2.0.1"}}
